{
  "version": 4,
  "terraform_version": "1.6.6",
  "serial": 28,
  "lineage": "92852120-1a5a-19f4-ad99-5a4afec3447c",
  "outputs": {
    "namespace": {
      "value": "devspace",
      "type": "string"
    }
  },
  "resources": [
    {
      "mode": "managed",
      "type": "kubernetes_config_map",
      "name": "frontend_html",
      "provider": "provider[\"registry.terraform.io/hashicorp/kubernetes\"]",
      "instances": [
        {
          "schema_version": 0,
          "attributes": {
            "binary_data": {},
            "data": {
              "index.html": "\u003c!DOCTYPE html\u003e\n\u003chtml\u003e\n\u003chead\u003e\u003ctitle\u003eFrontend via Terraform\u003c/title\u003e\u003c/head\u003e\n\u003cbody\u003e\n  \u003ch1 style=\"color:green\"\u003eHello from the frontend!\u003c/h1\u003e\n  \u003cp\u003eServed by Nginx in Kubernetes 🚀\u003c/p\u003e\n\u003c/body\u003e\n\u003c/html\u003e\n"
            },
            "id": "devspace/frontend-html",
            "immutable": false,
            "metadata": [
              {
                "annotations": {},
                "generate_name": "",
                "generation": 0,
                "labels": {},
                "name": "frontend-html",
                "namespace": "devspace",
                "resource_version": "4301",
                "uid": "b4491ffd-c542-461c-b793-42e7f0224c7e"
              }
            ]
          },
          "sensitive_attributes": [],
          "private": "bnVsbA==",
          "dependencies": [
            "kubernetes_namespace.devspace"
          ]
        }
      ]
    },
    {
      "mode": "managed",
      "type": "kubernetes_deployment",
      "name": "backend",
      "provider": "provider[\"registry.terraform.io/hashicorp/kubernetes\"]",
      "instances": [
        {
          "schema_version": 1,
          "attributes": {
            "id": "devspace/backend",
            "metadata": [
              {
                "annotations": {},
                "generate_name": "",
                "generation": 1,
                "labels": {
                  "app": "backend"
                },
                "name": "backend",
                "namespace": "devspace",
                "resource_version": "3701",
                "uid": "1c1aadd7-9c54-4de7-ad88-5a690f166982"
              }
            ],
            "spec": [
              {
                "min_ready_seconds": 0,
                "paused": false,
                "progress_deadline_seconds": 600,
                "replicas": "1",
                "revision_history_limit": 10,
                "selector": [
                  {
                    "match_expressions": [],
                    "match_labels": {
                      "app": "backend"
                    }
                  }
                ],
                "strategy": [
                  {
                    "rolling_update": [
                      {
                        "max_surge": "25%",
                        "max_unavailable": "25%"
                      }
                    ],
                    "type": "RollingUpdate"
                  }
                ],
                "template": [
                  {
                    "metadata": [
                      {
                        "annotations": {},
                        "generate_name": "",
                        "generation": 0,
                        "labels": {
                          "app": "backend"
                        },
                        "name": "",
                        "namespace": "",
                        "resource_version": "",
                        "uid": ""
                      }
                    ],
                    "spec": [
                      {
                        "active_deadline_seconds": 0,
                        "affinity": [],
                        "automount_service_account_token": true,
                        "container": [
                          {
                            "args": [
                              "-text=Hello from Terraform backend!"
                            ],
                            "command": [],
                            "env": [],
                            "env_from": [],
                            "image": "hashicorp/http-echo",
                            "image_pull_policy": "Always",
                            "lifecycle": [],
                            "liveness_probe": [],
                            "name": "backend",
                            "port": [
                              {
                                "container_port": 5678,
                                "host_ip": "",
                                "host_port": 0,
                                "name": "",
                                "protocol": "TCP"
                              }
                            ],
                            "readiness_probe": [],
                            "resources": [
                              {
                                "limits": {},
                                "requests": {}
                              }
                            ],
                            "security_context": [],
                            "startup_probe": [],
                            "stdin": false,
                            "stdin_once": false,
                            "termination_message_path": "/dev/termination-log",
                            "termination_message_policy": "File",
                            "tty": false,
                            "volume_mount": [],
                            "working_dir": ""
                          }
                        ],
                        "dns_config": [],
                        "dns_policy": "ClusterFirst",
                        "enable_service_links": true,
                        "host_aliases": [],
                        "host_ipc": false,
                        "host_network": false,
                        "host_pid": false,
                        "hostname": "",
                        "image_pull_secrets": [],
                        "init_container": [],
                        "node_name": "",
                        "node_selector": {},
                        "os": [],
                        "priority_class_name": "",
                        "readiness_gate": [],
                        "restart_policy": "Always",
                        "runtime_class_name": "",
                        "scheduler_name": "default-scheduler",
                        "security_context": [],
                        "service_account_name": "",
                        "share_process_namespace": false,
                        "subdomain": "",
                        "termination_grace_period_seconds": 30,
                        "toleration": [],
                        "topology_spread_constraint": [],
                        "volume": []
                      }
                    ]
                  }
                ]
              }
            ],
            "timeouts": null,
            "wait_for_rollout": true
          },
          "sensitive_attributes": [],
          "private": "eyJlMmJmYjczMC1lY2FhLTExZTYtOGY4OC0zNDM2M2JjN2M0YzAiOnsiY3JlYXRlIjo2MDAwMDAwMDAwMDAsImRlbGV0ZSI6NjAwMDAwMDAwMDAwLCJ1cGRhdGUiOjYwMDAwMDAwMDAwMH0sInNjaGVtYV92ZXJzaW9uIjoiMSJ9",
          "dependencies": [
            "kubernetes_namespace.devspace"
          ]
        }
      ]
    },
    {
      "mode": "managed",
      "type": "kubernetes_deployment",
      "name": "frontend",
      "provider": "provider[\"registry.terraform.io/hashicorp/kubernetes\"]",
      "instances": [
        {
          "schema_version": 1,
          "attributes": {
            "id": "devspace/frontend",
            "metadata": [
              {
                "annotations": {},
                "generate_name": "",
                "generation": 1,
                "labels": {
                  "app": "frontend"
                },
                "name": "frontend",
                "namespace": "devspace",
                "resource_version": "4343",
                "uid": "ac51358e-12fd-4468-93a2-2d50e2eaccaf"
              }
            ],
            "spec": [
              {
                "min_ready_seconds": 0,
                "paused": false,
                "progress_deadline_seconds": 600,
                "replicas": "1",
                "revision_history_limit": 10,
                "selector": [
                  {
                    "match_expressions": [],
                    "match_labels": {
                      "app": "frontend"
                    }
                  }
                ],
                "strategy": [
                  {
                    "rolling_update": [
                      {
                        "max_surge": "25%",
                        "max_unavailable": "25%"
                      }
                    ],
                    "type": "RollingUpdate"
                  }
                ],
                "template": [
                  {
                    "metadata": [
                      {
                        "annotations": {},
                        "generate_name": "",
                        "generation": 0,
                        "labels": {
                          "app": "frontend"
                        },
                        "name": "",
                        "namespace": "",
                        "resource_version": "",
                        "uid": ""
                      }
                    ],
                    "spec": [
                      {
                        "active_deadline_seconds": 0,
                        "affinity": [],
                        "automount_service_account_token": true,
                        "container": [
                          {
                            "args": [],
                            "command": [],
                            "env": [],
                            "env_from": [],
                            "image": "nginx:alpine",
                            "image_pull_policy": "IfNotPresent",
                            "lifecycle": [],
                            "liveness_probe": [],
                            "name": "nginx",
                            "port": [
                              {
                                "container_port": 80,
                                "host_ip": "",
                                "host_port": 0,
                                "name": "",
                                "protocol": "TCP"
                              }
                            ],
                            "readiness_probe": [],
                            "resources": [
                              {
                                "limits": {},
                                "requests": {}
                              }
                            ],
                            "security_context": [],
                            "startup_probe": [],
                            "stdin": false,
                            "stdin_once": false,
                            "termination_message_path": "/dev/termination-log",
                            "termination_message_policy": "File",
                            "tty": false,
                            "volume_mount": [
                              {
                                "mount_path": "/usr/share/nginx/html",
                                "mount_propagation": "None",
                                "name": "html-volume",
                                "read_only": true,
                                "sub_path": ""
                              }
                            ],
                            "working_dir": ""
                          }
                        ],
                        "dns_config": [],
                        "dns_policy": "ClusterFirst",
                        "enable_service_links": true,
                        "host_aliases": [],
                        "host_ipc": false,
                        "host_network": false,
                        "host_pid": false,
                        "hostname": "",
                        "image_pull_secrets": [],
                        "init_container": [],
                        "node_name": "",
                        "node_selector": {},
                        "os": [],
                        "priority_class_name": "",
                        "readiness_gate": [],
                        "restart_policy": "Always",
                        "runtime_class_name": "",
                        "scheduler_name": "default-scheduler",
                        "security_context": [],
                        "service_account_name": "",
                        "share_process_namespace": false,
                        "subdomain": "",
                        "termination_grace_period_seconds": 30,
                        "toleration": [],
                        "topology_spread_constraint": [],
                        "volume": [
                          {
                            "aws_elastic_block_store": [],
                            "azure_disk": [],
                            "azure_file": [],
                            "ceph_fs": [],
                            "cinder": [],
                            "config_map": [
                              {
                                "default_mode": "0644",
                                "items": [
                                  {
                                    "key": "index.html",
                                    "mode": "",
                                    "path": "index.html"
                                  }
                                ],
                                "name": "frontend-html",
                                "optional": false
                              }
                            ],
                            "csi": [],
                            "downward_api": [],
                            "empty_dir": [],
                            "ephemeral": [],
                            "fc": [],
                            "flex_volume": [],
                            "flocker": [],
                            "gce_persistent_disk": [],
                            "git_repo": [],
                            "glusterfs": [],
                            "host_path": [],
                            "iscsi": [],
                            "local": [],
                            "name": "html-volume",
                            "nfs": [],
                            "persistent_volume_claim": [],
                            "photon_persistent_disk": [],
                            "projected": [],
                            "quobyte": [],
                            "rbd": [],
                            "secret": [],
                            "vsphere_volume": []
                          }
                        ]
                      }
                    ]
                  }
                ]
              }
            ],
            "timeouts": null,
            "wait_for_rollout": true
          },
          "sensitive_attributes": [],
          "private": "eyJlMmJmYjczMC1lY2FhLTExZTYtOGY4OC0zNDM2M2JjN2M0YzAiOnsiY3JlYXRlIjo2MDAwMDAwMDAwMDAsImRlbGV0ZSI6NjAwMDAwMDAwMDAwLCJ1cGRhdGUiOjYwMDAwMDAwMDAwMH0sInNjaGVtYV92ZXJzaW9uIjoiMSJ9",
          "dependencies": [
            "kubernetes_config_map.frontend_html",
            "kubernetes_namespace.devspace"
          ]
        }
      ]
    },
    {
      "mode": "managed",
      "type": "kubernetes_deployment",
      "name": "postgres",
      "provider": "provider[\"registry.terraform.io/hashicorp/kubernetes\"]",
      "instances": [
        {
          "schema_version": 1,
          "attributes": {
            "id": "devspace/postgres",
            "metadata": [
              {
                "annotations": {},
                "generate_name": "",
                "generation": 1,
                "labels": {
                  "app": "postgres"
                },
                "name": "postgres",
                "namespace": "devspace",
                "resource_version": "1505",
                "uid": "fddae322-01c5-4040-a19f-397f683251e1"
              }
            ],
            "spec": [
              {
                "min_ready_seconds": 0,
                "paused": false,
                "progress_deadline_seconds": 600,
                "replicas": "1",
                "revision_history_limit": 10,
                "selector": [
                  {
                    "match_expressions": [],
                    "match_labels": {
                      "app": "postgres"
                    }
                  }
                ],
                "strategy": [
                  {
                    "rolling_update": [
                      {
                        "max_surge": "25%",
                        "max_unavailable": "25%"
                      }
                    ],
                    "type": "RollingUpdate"
                  }
                ],
                "template": [
                  {
                    "metadata": [
                      {
                        "annotations": {},
                        "generate_name": "",
                        "generation": 0,
                        "labels": {
                          "app": "postgres"
                        },
                        "name": "",
                        "namespace": "",
                        "resource_version": "",
                        "uid": ""
                      }
                    ],
                    "spec": [
                      {
                        "active_deadline_seconds": 0,
                        "affinity": [],
                        "automount_service_account_token": true,
                        "container": [
                          {
                            "args": [],
                            "command": [],
                            "env": [
                              {
                                "name": "POSTGRES_USER",
                                "value": "user",
                                "value_from": []
                              },
                              {
                                "name": "POSTGRES_PASSWORD",
                                "value": "password",
                                "value_from": []
                              },
                              {
                                "name": "POSTGRES_DB",
                                "value": "mydb",
                                "value_from": []
                              }
                            ],
                            "env_from": [],
                            "image": "postgres:14",
                            "image_pull_policy": "IfNotPresent",
                            "lifecycle": [],
                            "liveness_probe": [],
                            "name": "postgres",
                            "port": [
                              {
                                "container_port": 5432,
                                "host_ip": "",
                                "host_port": 0,
                                "name": "",
                                "protocol": "TCP"
                              }
                            ],
                            "readiness_probe": [],
                            "resources": [
                              {
                                "limits": {},
                                "requests": {}
                              }
                            ],
                            "security_context": [],
                            "startup_probe": [],
                            "stdin": false,
                            "stdin_once": false,
                            "termination_message_path": "/dev/termination-log",
                            "termination_message_policy": "File",
                            "tty": false,
                            "volume_mount": [
                              {
                                "mount_path": "/var/lib/postgresql/data",
                                "mount_propagation": "None",
                                "name": "postgres-storage",
                                "read_only": false,
                                "sub_path": ""
                              }
                            ],
                            "working_dir": ""
                          }
                        ],
                        "dns_config": [],
                        "dns_policy": "ClusterFirst",
                        "enable_service_links": true,
                        "host_aliases": [],
                        "host_ipc": false,
                        "host_network": false,
                        "host_pid": false,
                        "hostname": "",
                        "image_pull_secrets": [],
                        "init_container": [],
                        "node_name": "",
                        "node_selector": {},
                        "os": [],
                        "priority_class_name": "",
                        "readiness_gate": [],
                        "restart_policy": "Always",
                        "runtime_class_name": "",
                        "scheduler_name": "default-scheduler",
                        "security_context": [],
                        "service_account_name": "",
                        "share_process_namespace": false,
                        "subdomain": "",
                        "termination_grace_period_seconds": 30,
                        "toleration": [],
                        "topology_spread_constraint": [],
                        "volume": [
                          {
                            "aws_elastic_block_store": [],
                            "azure_disk": [],
                            "azure_file": [],
                            "ceph_fs": [],
                            "cinder": [],
                            "config_map": [],
                            "csi": [],
                            "downward_api": [],
                            "empty_dir": [],
                            "ephemeral": [],
                            "fc": [],
                            "flex_volume": [],
                            "flocker": [],
                            "gce_persistent_disk": [],
                            "git_repo": [],
                            "glusterfs": [],
                            "host_path": [],
                            "iscsi": [],
                            "local": [],
                            "name": "postgres-storage",
                            "nfs": [],
                            "persistent_volume_claim": [
                              {
                                "claim_name": "postgres-pvc",
                                "read_only": false
                              }
                            ],
                            "photon_persistent_disk": [],
                            "projected": [],
                            "quobyte": [],
                            "rbd": [],
                            "secret": [],
                            "vsphere_volume": []
                          }
                        ]
                      }
                    ]
                  }
                ]
              }
            ],
            "timeouts": null,
            "wait_for_rollout": true
          },
          "sensitive_attributes": [],
          "private": "eyJlMmJmYjczMC1lY2FhLTExZTYtOGY4OC0zNDM2M2JjN2M0YzAiOnsiY3JlYXRlIjo2MDAwMDAwMDAwMDAsImRlbGV0ZSI6NjAwMDAwMDAwMDAwLCJ1cGRhdGUiOjYwMDAwMDAwMDAwMH0sInNjaGVtYV92ZXJzaW9uIjoiMSJ9",
          "dependencies": [
            "kubernetes_namespace.devspace",
            "kubernetes_persistent_volume_claim.postgres_pvc"
          ]
        }
      ]
    },
    {
      "mode": "managed",
      "type": "kubernetes_ingress_v1",
      "name": "frontend_ingress",
      "provider": "provider[\"registry.terraform.io/hashicorp/kubernetes\"]",
      "instances": [
        {
          "schema_version": 0,
          "attributes": {
            "id": "devspace/frontend-ingress",
            "metadata": [
              {
                "annotations": {
                  "nginx.ingress.kubernetes.io/rewrite-target": "/"
                },
                "generate_name": "",
                "generation": 2,
                "labels": {},
                "name": "frontend-ingress",
                "namespace": "devspace",
                "resource_version": "11925",
                "uid": "e5ed164f-4f95-4693-9b4e-9dcd8c60e83f"
              }
            ],
            "spec": [
              {
                "default_backend": [],
                "ingress_class_name": "nginx",
                "rule": [
                  {
                    "host": "frontend.local",
                    "http": [
                      {
                        "path": [
                          {
                            "backend": [
                              {
                                "resource": [],
                                "service": [
                                  {
                                    "name": "frontend",
                                    "port": [
                                      {
                                        "name": "",
                                        "number": 80
                                      }
                                    ]
                                  }
                                ]
                              }
                            ],
                            "path": "/",
                            "path_type": "Prefix"
                          }
                        ]
                      }
                    ]
                  }
                ],
                "tls": [
                  {
                    "hosts": [
                      "frontend.local"
                    ],
                    "secret_name": "frontend-tls"
                  }
                ]
              }
            ],
            "status": [
              {
                "load_balancer": [
                  {
                    "ingress": [
                      {
                        "hostname": "",
                        "ip": "192.168.49.2"
                      }
                    ]
                  }
                ]
              }
            ],
            "timeouts": null,
            "wait_for_load_balancer": null
          },
          "sensitive_attributes": [],
          "private": "eyJlMmJmYjczMC1lY2FhLTExZTYtOGY4OC0zNDM2M2JjN2M0YzAiOnsiY3JlYXRlIjoxMjAwMDAwMDAwMDAwLCJkZWxldGUiOjEyMDAwMDAwMDAwMDB9fQ==",
          "dependencies": [
            "kubernetes_namespace.devspace",
            "kubernetes_secret.frontend_tls",
            "kubernetes_service.frontend",
            "tls_private_key.frontend_key",
            "tls_self_signed_cert.frontend_cert"
          ]
        }
      ]
    },
    {
      "mode": "managed",
      "type": "kubernetes_namespace",
      "name": "devspace",
      "provider": "provider[\"registry.terraform.io/hashicorp/kubernetes\"]",
      "instances": [
        {
          "schema_version": 0,
          "attributes": {
            "id": "devspace",
            "metadata": [
              {
                "annotations": {},
                "generate_name": "",
                "generation": 0,
                "labels": {},
                "name": "devspace",
                "resource_version": "1239",
                "uid": "ba9f4eed-4033-4cb0-bdeb-596be17d602f"
              }
            ],
            "timeouts": null,
            "wait_for_default_service_account": false
          },
          "sensitive_attributes": [],
          "private": "eyJlMmJmYjczMC1lY2FhLTExZTYtOGY4OC0zNDM2M2JjN2M0YzAiOnsiZGVsZXRlIjozMDAwMDAwMDAwMDB9fQ=="
        }
      ]
    },
    {
      "mode": "managed",
      "type": "kubernetes_network_policy",
      "name": "allow_frontend_to_backend",
      "provider": "provider[\"registry.terraform.io/hashicorp/kubernetes\"]",
      "instances": [
        {
          "schema_version": 0,
          "attributes": {
            "id": "devspace/allow-frontend-to-backend",
            "metadata": [
              {
                "annotations": null,
                "generate_name": "",
                "generation": 1,
                "labels": null,
                "name": "allow-frontend-to-backend",
                "namespace": "devspace",
                "resource_version": "12427",
                "uid": "7e16eb09-0f5d-4f99-a72b-0ff5a79174bc"
              }
            ],
            "spec": [
              {
                "egress": [],
                "ingress": [
                  {
                    "from": [
                      {
                        "ip_block": [],
                        "namespace_selector": [],
                        "pod_selector": [
                          {
                            "match_expressions": [],
                            "match_labels": {
                              "app": "frontend"
                            }
                          }
                        ]
                      }
                    ],
                    "ports": [
                      {
                        "port": "80",
                        "protocol": "TCP"
                      }
                    ]
                  }
                ],
                "pod_selector": [
                  {
                    "match_expressions": [],
                    "match_labels": {
                      "app": "backend"
                    }
                  }
                ],
                "policy_types": [
                  "Ingress"
                ]
              }
            ]
          },
          "sensitive_attributes": [],
          "private": "bnVsbA==",
          "dependencies": [
            "kubernetes_namespace.devspace"
          ]
        }
      ]
    },
    {
      "mode": "managed",
      "type": "kubernetes_persistent_volume_claim",
      "name": "postgres_pvc",
      "provider": "provider[\"registry.terraform.io/hashicorp/kubernetes\"]",
      "instances": [
        {
          "schema_version": 0,
          "attributes": {
            "id": "devspace/postgres-pvc",
            "metadata": [
              {
                "annotations": {},
                "generate_name": "",
                "generation": 0,
                "labels": {},
                "name": "postgres-pvc",
                "namespace": "devspace",
                "resource_version": "1425",
                "uid": "263e741f-803c-403c-a159-ca762480bc6f"
              }
            ],
            "spec": [
              {
                "access_modes": [
                  "ReadWriteOnce"
                ],
                "resources": [
                  {
                    "limits": {},
                    "requests": {
                      "storage": "1Gi"
                    }
                  }
                ],
                "selector": [],
                "storage_class_name": "standard",
                "volume_mode": "Filesystem",
                "volume_name": "pvc-263e741f-803c-403c-a159-ca762480bc6f"
              }
            ],
            "timeouts": null,
            "wait_until_bound": true
          },
          "sensitive_attributes": [],
          "private": "eyJlMmJmYjczMC1lY2FhLTExZTYtOGY4OC0zNDM2M2JjN2M0YzAiOnsiY3JlYXRlIjozMDAwMDAwMDAwMDB9fQ==",
          "dependencies": [
            "kubernetes_namespace.devspace"
          ]
        }
      ]
    },
    {
      "mode": "managed",
      "type": "kubernetes_role",
      "name": "read_pods",
      "provider": "provider[\"registry.terraform.io/hashicorp/kubernetes\"]",
      "instances": [
        {
          "schema_version": 0,
          "attributes": {
            "id": "devspace/pod-reader-role",
            "metadata": [
              {
                "annotations": null,
                "generate_name": "",
                "generation": 0,
                "labels": null,
                "name": "pod-reader-role",
                "namespace": "devspace",
                "resource_version": "12426",
                "uid": "4381da02-427e-4784-a653-36492a6cc275"
              }
            ],
            "rule": [
              {
                "api_groups": [
                  ""
                ],
                "resource_names": null,
                "resources": [
                  "pods"
                ],
                "verbs": [
                  "get",
                  "list"
                ]
              }
            ]
          },
          "sensitive_attributes": [],
          "private": "bnVsbA==",
          "dependencies": [
            "kubernetes_namespace.devspace"
          ]
        }
      ]
    },
    {
      "mode": "managed",
      "type": "kubernetes_role_binding",
      "name": "reader_binding",
      "provider": "provider[\"registry.terraform.io/hashicorp/kubernetes\"]",
      "instances": [
        {
          "schema_version": 0,
          "attributes": {
            "id": "devspace/read-pods-binding",
            "metadata": [
              {
                "annotations": null,
                "generate_name": "",
                "generation": 0,
                "labels": null,
                "name": "read-pods-binding",
                "namespace": "devspace",
                "resource_version": "12428",
                "uid": "dc91bf81-5514-4263-b3ef-bad9948f140a"
              }
            ],
            "role_ref": [
              {
                "api_group": "rbac.authorization.k8s.io",
                "kind": "Role",
                "name": "pod-reader-role"
              }
            ],
            "subject": [
              {
                "api_group": "",
                "kind": "ServiceAccount",
                "name": "pod-reader",
                "namespace": "devspace"
              }
            ]
          },
          "sensitive_attributes": [],
          "private": "bnVsbA==",
          "dependencies": [
            "kubernetes_namespace.devspace",
            "kubernetes_role.read_pods",
            "kubernetes_service_account.reader"
          ]
        }
      ]
    },
    {
      "mode": "managed",
      "type": "kubernetes_secret",
      "name": "frontend_tls",
      "provider": "provider[\"registry.terraform.io/hashicorp/kubernetes\"]",
      "instances": [
        {
          "schema_version": 0,
          "attributes": {
            "binary_data": null,
            "data": {
              "tls.crt": "LS0tLS1CRUdJTiBDRVJUSUZJQ0FURS0tLS0tCk1JSURQakNDQWlhZ0F3SUJBZ0lRSXNaNGVYS01yZEY3Z2FmUTVBOTFvVEFOQmdrcWhraUc5dzBCQVFzRkFEQXkKTVJjd0ZRWURWUVFLRXc1bWNtOXVkR1Z1WkM1c2IyTmhiREVYTUJVR0ExVUVBeE1PWm5KdmJuUmxibVF1Ykc5agpZV3d3SGhjTk1qVXdNekV5TWpBek5EUTJXaGNOTWpZd016RXlNakF6TkRRMldqQXlNUmN3RlFZRFZRUUtFdzVtCmNtOXVkR1Z1WkM1c2IyTmhiREVYTUJVR0ExVUVBeE1PWm5KdmJuUmxibVF1Ykc5allXd3dnZ0VpTUEwR0NTcUcKU0liM0RRRUJBUVVBQTRJQkR3QXdnZ0VLQW9JQkFRRGlNOGM5bTlId2ZtaTVoTG8xWE52ZXlrSno3SmpHOFExagpCd1FWZEFGNVdQcUMxL05GTWd0VXlwUllqMGtmT2ZuZG5vczRJN1p0YmhhQXpkMU05RGJIWklueWhHaEtwZlRlCmU0WmRDWFcxaldPR1l5UDIwTU8yQUtaVXgvSHRlckFTUWF5TTlwSjBiL3E1clZKVDRkcGpUc2tsakRTREIzQUgKMkFHaHpBZFZGNkMrVWlKelNYdGxQYmtJbEVoYytjeHFHU1pWdVBHQ3JSdm85NzdWZytSekN3VlpBYmFNS2FYbQpjZk55UmxpcDJPUUE0L2gwUEpqRVFjbjJqaFFBbzFQNDAwRE5BUUFoTGZtV0M4ME9VeVZFZXU1ZEx0cHg3eGoyCkxLOVBwM0dYN1NqTzJWdWw3NGw2V0liQWxnNTBKOHI3dEovb3VkNGlLRW84STFyZ095L3BBZ01CQUFHalVEQk8KTUE0R0ExVWREd0VCL3dRRUF3SUZvREFUQmdOVkhTVUVEREFLQmdnckJnRUZCUWNEQVRBTUJnTlZIUk1CQWY4RQpBakFBTUJrR0ExVWRFUVFTTUJDQ0RtWnliMjUwWlc1a0xteHZZMkZzTUEwR0NTcUdTSWIzRFFFQkN3VUFBNElCCkFRQzVEUENQclhCZldOdUlvUTJRc1BtUzg1MVdmUGUrZlF2cGw5aGE5NjRueHpxTEdWUDdqK0pUN0wzelhRMVYKaHhEYloyWWhSb2ZwbWxvcWZqdDN2TWxVdU42elRtdXFqWTU1WXNWaFpib2FJT1R3UjNDOTN6WklDVHFSeDdxKwpPYUxmY2lVZER6RWJONjRSd2d3Z0l1WWJLYkd1blB3MXcxeFp5UHFmVmxvaWZIekpyWmtlUndUUStha0NoMEFrCk5VWWpUTVBSZlN4clpKazZUWFIwSFNIcWdEWWtNdzBiMGtUajhaL1puUjZtaUh6Z1ZsbC9pWkZsbTZ4WUNpMFQKdk9vaXRvM3FCUFdFd3prNWxvcUcrQkdvOUZoNStMcW9CTnRpbUtGcE94VDcxTXl3bFNaK2RxbDZ2OW5lWldBMAozWThCZXBJSnA2blhpKy9hMFVSUHhvRVIKLS0tLS1FTkQgQ0VSVElGSUNBVEUtLS0tLQo=",
              "tls.key": "LS0tLS1CRUdJTiBSU0EgUFJJVkFURSBLRVktLS0tLQpNSUlFcEFJQkFBS0NBUUVBNGpQSFBadlI4SDVvdVlTNk5WemIzc3BDYyt5WXh2RU5Zd2NFRlhRQmVWajZndGZ6ClJUSUxWTXFVV0k5Skh6bjUzWjZMT0NPMmJXNFdnTTNkVFBRMngyU0o4b1JvU3FYMDNudUdYUWwxdFkxamhtTWoKOXRERHRnQ21WTWZ4N1hxd0VrR3NqUGFTZEcvNnVhMVNVK0hhWTA3SkpZdzBnd2R3QjlnQm9jd0hWUmVndmxJaQpjMGw3WlQyNUNKUklYUG5NYWhrbVZianhncTBiNlBlKzFZUGtjd3NGV1FHMmpDbWw1bkh6Y2taWXFkamtBT1A0CmREeVl4RUhKOW80VUFLTlQrTk5BelFFQUlTMzVsZ3ZORGxNbFJIcnVYUzdhY2U4WTlpeXZUNmR4bCswb3p0bGIKcGUrSmVsaUd3SllPZENmSys3U2Y2TG5lSWloS1BDTmE0RHN2NlFJREFRQUJBb0lCQVFDM2ZIck0zZDNCTURqdwo2OXBFT1F2ZFA4SUIyTlRnNDE0Uml2cGtFSksxaFZqSDFEWndWYlRkVmVwWm4va1hqR2JEdjd4OGtIT0ZkcnhvClJSV1RPN0pIc2FVNGhQRTRSRUJLVEhia2R5ejFWVGg3SldaaDZsd25BWVhxMWJuSUFqSmF6TTBVRjFzYmVrNHUKV1lxam9sd05IRGFMNzV3VkFXNTkzbGtNanIwUDVyRU56dDVQRnN0Qm95bU51M1JIQWpMN2VidEk2cHNpSkhXdQpYcVNKd1JoWHJwOW1VenpvTFhZRGhzK0NUY29HU3VGWnNiZXBkT21YVXVVeTg0Y1ZLWFdRdGdNM0VDRERKZGg5CmUwVzBlWEpST0p5MjNWZlJWdXlLa29iZEphd0s0YnRYSkgzWDIrZmIxV1k0N2FjZG5sdkdjb09YeU5lUkNrbTYKMnlLNmFFWUJBb0dCQU9pOWtGVGgwdXg2NGRYd0h5c056OVRzQXR3WldzeXJMZ3orY1VMS2FRTWhWVTdxRDBuagpSREFSYzNjOVVDYnIrUmlLR0QrM3RPY0hXd1JWWktEQUkxbW9yYlA4Nk1sRHpEek91cjRLUHJ2UDQ2NG83UStOCjZRNE91WDV0akFIN3RVak9HVUY0M1ZXY2haT2VRYXhKTDJDVDFnMXdIM2x0MkJVVzRVbVNISDRwQW9HQkFQak8KOE1FUCtoNGlDZ3UwcG05M0hJejRGZnBtZkRQUWg3anBPVHZZWVRFU0hHS0NEOG5qRWtOcHhGQWpucExYbmw5UApBU1lIa1hOTVZ4ZW9sWUdqTk9lT1B0QVYvR2o5RmFKUXhMQmh1MlcxNVIwb3RFWStLWm5zZ1llVEU1RUNIeFZjCkpVNWV4MDJBUUdxeXRKNE93MnNqZmV4MVFrNHliY0NPS1RBR205dkJBb0dBVm5TOG5kdDVkK0U1N1RnU3kvS0kKaHNiWlZSdVNFRDl5anQ4aUFiYWhCY21uSC9ad2tYajhCb01sQ21GYldlb0VrV29URWZCVEloTW9hMWF4VjhtbwpHQkZCM1grUWxkczZqa2daTktrbm5xcmVILzhSK05vMWZjUllnYTk5OStxaDhCYW5hUnZWMUl5ZFRqWFduWUplCk9Ca1N4ZEVsei96TzdSNmZ0NjJ3S2VrQ2dZRUFvRzFHZlNXaEgyYlJWV1RnNEFSTVMzVDNMdUovK1NUZkxsSnIKRGZSaURyTGZ6SUNTVDVselFEWmxWMHJ3Unp4eUtJQVhmSDdxd1E0YkplMFVvV2NyaUphR1Y4T2xZY2kxOTFmZQp5dC9wWmhhWHFXcUNlcnhBTkxoemVJaFQyRzhtdmE0UmUrdk8xR0Q2cUJHY05rSE1yVHRRU1hQK0VjK2dSc1VqCk40MDdWOEVDZ1lCMDJuYjFJeDRiMktrTUlOVFpKMnNrU29Qd3BHbVV1blFzdmNWT0o2K1dBZW5RbmQxUlhhcTgKb0NKbGlUdnU5SWlWVUI1SkFZNHYxM2F1K1JBL3o3ekc1SUI3Z0w4b05ycXZjVDRPdkplS21GekJGNXhwQXYyTQp5SHh5ZGtHNHkyVUlhcE9OSjVDQ01tdEt0MUQxMHVQNTBBZ1RFN0JIaWY5UTVjNDMxVm44d2c9PQotLS0tLUVORCBSU0EgUFJJVkFURSBLRVktLS0tLQo="
            },
            "id": "devspace/frontend-tls",
            "immutable": false,
            "metadata": [
              {
                "annotations": {},
                "generate_name": "",
                "generation": 0,
                "labels": {},
                "name": "frontend-tls",
                "namespace": "devspace",
                "resource_version": "11924",
                "uid": "2cfd186a-c490-4846-9c48-c85861b6d904"
              }
            ],
            "timeouts": null,
            "type": "kubernetes.io/tls",
            "wait_for_service_account_token": true
          },
          "sensitive_attributes": [
            [
              {
                "type": "get_attr",
                "value": "data"
              },
              {
                "type": "index",
                "value": {
                  "value": "tls.key",
                  "type": "string"
                }
              }
            ]
          ],
          "private": "eyJlMmJmYjczMC1lY2FhLTExZTYtOGY4OC0zNDM2M2JjN2M0YzAiOnsiY3JlYXRlIjo2MDAwMDAwMDAwMH19",
          "dependencies": [
            "kubernetes_namespace.devspace",
            "tls_private_key.frontend_key",
            "tls_self_signed_cert.frontend_cert"
          ]
        }
      ]
    },
    {
      "mode": "managed",
      "type": "kubernetes_service",
      "name": "backend",
      "provider": "provider[\"registry.terraform.io/hashicorp/kubernetes\"]",
      "instances": [
        {
          "schema_version": 1,
          "attributes": {
            "id": "devspace/backend",
            "metadata": [
              {
                "annotations": {},
                "generate_name": "",
                "generation": 0,
                "labels": {},
                "name": "backend",
                "namespace": "devspace",
                "resource_version": "3321",
                "uid": "092b0b08-f109-43ba-aaa9-2d447ad97ede"
              }
            ],
            "spec": [
              {
                "allocate_load_balancer_node_ports": true,
                "cluster_ip": "10.98.74.2",
                "cluster_ips": [
                  "10.98.74.2"
                ],
                "external_ips": [],
                "external_name": "",
                "external_traffic_policy": "",
                "health_check_node_port": 0,
                "internal_traffic_policy": "Cluster",
                "ip_families": [
                  "IPv4"
                ],
                "ip_family_policy": "SingleStack",
                "load_balancer_class": "",
                "load_balancer_ip": "",
                "load_balancer_source_ranges": [],
                "port": [
                  {
                    "app_protocol": "",
                    "name": "",
                    "node_port": 0,
                    "port": 80,
                    "protocol": "TCP",
                    "target_port": "5678"
                  }
                ],
                "publish_not_ready_addresses": false,
                "selector": {
                  "app": "backend"
                },
                "session_affinity": "None",
                "session_affinity_config": [],
                "type": "ClusterIP"
              }
            ],
            "status": [
              {
                "load_balancer": [
                  {
                    "ingress": []
                  }
                ]
              }
            ],
            "timeouts": null,
            "wait_for_load_balancer": true
          },
          "sensitive_attributes": [],
          "private": "eyJlMmJmYjczMC1lY2FhLTExZTYtOGY4OC0zNDM2M2JjN2M0YzAiOnsiY3JlYXRlIjo2MDAwMDAwMDAwMDB9LCJzY2hlbWFfdmVyc2lvbiI6IjEifQ==",
          "dependencies": [
            "kubernetes_namespace.devspace"
          ]
        }
      ]
    },
    {
      "mode": "managed",
      "type": "kubernetes_service",
      "name": "frontend",
      "provider": "provider[\"registry.terraform.io/hashicorp/kubernetes\"]",
      "instances": [
        {
          "schema_version": 1,
          "attributes": {
            "id": "devspace/frontend",
            "metadata": [
              {
                "annotations": {},
                "generate_name": "",
                "generation": 0,
                "labels": {},
                "name": "frontend",
                "namespace": "devspace",
                "resource_version": "4303",
                "uid": "81f13d6f-bc66-44a1-aa07-18a4c5eecf4a"
              }
            ],
            "spec": [
              {
                "allocate_load_balancer_node_ports": true,
                "cluster_ip": "10.97.5.86",
                "cluster_ips": [
                  "10.97.5.86"
                ],
                "external_ips": [],
                "external_name": "",
                "external_traffic_policy": "Cluster",
                "health_check_node_port": 0,
                "internal_traffic_policy": "Cluster",
                "ip_families": [
                  "IPv4"
                ],
                "ip_family_policy": "SingleStack",
                "load_balancer_class": "",
                "load_balancer_ip": "",
                "load_balancer_source_ranges": [],
                "port": [
                  {
                    "app_protocol": "",
                    "name": "",
                    "node_port": 31058,
                    "port": 80,
                    "protocol": "TCP",
                    "target_port": "80"
                  }
                ],
                "publish_not_ready_addresses": false,
                "selector": {
                  "app": "frontend"
                },
                "session_affinity": "None",
                "session_affinity_config": [],
                "type": "NodePort"
              }
            ],
            "status": [
              {
                "load_balancer": [
                  {
                    "ingress": []
                  }
                ]
              }
            ],
            "timeouts": null,
            "wait_for_load_balancer": true
          },
          "sensitive_attributes": [],
          "private": "eyJlMmJmYjczMC1lY2FhLTExZTYtOGY4OC0zNDM2M2JjN2M0YzAiOnsiY3JlYXRlIjo2MDAwMDAwMDAwMDB9LCJzY2hlbWFfdmVyc2lvbiI6IjEifQ==",
          "dependencies": [
            "kubernetes_namespace.devspace"
          ]
        }
      ]
    },
    {
      "mode": "managed",
      "type": "kubernetes_service",
      "name": "postgres",
      "provider": "provider[\"registry.terraform.io/hashicorp/kubernetes\"]",
      "instances": [
        {
          "schema_version": 1,
          "attributes": {
            "id": "devspace/postgres",
            "metadata": [
              {
                "annotations": {},
                "generate_name": "",
                "generation": 0,
                "labels": {},
                "name": "postgres",
                "namespace": "devspace",
                "resource_version": "1414",
                "uid": "d07ed2ff-434a-427c-be30-f0beada3c413"
              }
            ],
            "spec": [
              {
                "allocate_load_balancer_node_ports": true,
                "cluster_ip": "None",
                "cluster_ips": [
                  "None"
                ],
                "external_ips": [],
                "external_name": "",
                "external_traffic_policy": "",
                "health_check_node_port": 0,
                "internal_traffic_policy": "Cluster",
                "ip_families": [
                  "IPv4"
                ],
                "ip_family_policy": "SingleStack",
                "load_balancer_class": "",
                "load_balancer_ip": "",
                "load_balancer_source_ranges": [],
                "port": [
                  {
                    "app_protocol": "",
                    "name": "",
                    "node_port": 0,
                    "port": 5432,
                    "protocol": "TCP",
                    "target_port": "5432"
                  }
                ],
                "publish_not_ready_addresses": false,
                "selector": {
                  "app": "postgres"
                },
                "session_affinity": "None",
                "session_affinity_config": [],
                "type": "ClusterIP"
              }
            ],
            "status": [
              {
                "load_balancer": [
                  {
                    "ingress": []
                  }
                ]
              }
            ],
            "timeouts": null,
            "wait_for_load_balancer": true
          },
          "sensitive_attributes": [],
          "private": "eyJlMmJmYjczMC1lY2FhLTExZTYtOGY4OC0zNDM2M2JjN2M0YzAiOnsiY3JlYXRlIjo2MDAwMDAwMDAwMDB9LCJzY2hlbWFfdmVyc2lvbiI6IjEifQ==",
          "dependencies": [
            "kubernetes_namespace.devspace"
          ]
        }
      ]
    },
    {
      "mode": "managed",
      "type": "kubernetes_service_account",
      "name": "reader",
      "provider": "provider[\"registry.terraform.io/hashicorp/kubernetes\"]",
      "instances": [
        {
          "schema_version": 0,
          "attributes": {
            "automount_service_account_token": true,
            "default_secret_name": "",
            "id": "devspace/pod-reader",
            "image_pull_secret": [],
            "metadata": [
              {
                "annotations": null,
                "generate_name": "",
                "generation": 0,
                "labels": null,
                "name": "pod-reader",
                "namespace": "devspace",
                "resource_version": "12425",
                "uid": "0338db09-345d-478c-a351-bd9660cf3ddd"
              }
            ],
            "secret": [],
            "timeouts": null
          },
          "sensitive_attributes": [],
          "private": "eyJlMmJmYjczMC1lY2FhLTExZTYtOGY4OC0zNDM2M2JjN2M0YzAiOnsiY3JlYXRlIjozMDAwMDAwMDAwMH19",
          "dependencies": [
            "kubernetes_namespace.devspace"
          ]
        }
      ]
    },
    {
      "mode": "managed",
      "type": "tls_private_key",
      "name": "frontend_key",
      "provider": "provider[\"registry.terraform.io/hashicorp/tls\"]",
      "instances": [
        {
          "schema_version": 1,
          "attributes": {
            "algorithm": "RSA",
            "ecdsa_curve": "P224",
            "id": "3fc09e4ef2cc09fe5302b324c49a625672b8e385",
            "private_key_openssh": "-----BEGIN OPENSSH PRIVATE KEY-----\nb3BlbnNzaC1rZXktdjEAAAAABG5vbmUAAAAEbm9uZQAAAAAAAAABAAABFwAAAAdz\nc2gtcnNhAAAAAwEAAQAAAQEA4jPHPZvR8H5ouYS6NVzb3spCc+yYxvENYwcEFXQB\neVj6gtfzRTILVMqUWI9JHzn53Z6LOCO2bW4WgM3dTPQ2x2SJ8oRoSqX03nuGXQl1\ntY1jhmMj9tDDtgCmVMfx7XqwEkGsjPaSdG/6ua1SU+HaY07JJYw0gwdwB9gBocwH\nVRegvlIic0l7ZT25CJRIXPnMahkmVbjxgq0b6Pe+1YPkcwsFWQG2jCml5nHzckZY\nqdjkAOP4dDyYxEHJ9o4UAKNT+NNAzQEAIS35lgvNDlMlRHruXS7ace8Y9iyvT6dx\nl+0oztlbpe+JeliGwJYOdCfK+7Sf6LneIihKPCNa4Dsv6QAAA7jqxA0V6sQNFQAA\nAAdzc2gtcnNhAAABAQDiM8c9m9Hwfmi5hLo1XNveykJz7JjG8Q1jBwQVdAF5WPqC\n1/NFMgtUypRYj0kfOfndnos4I7ZtbhaAzd1M9DbHZInyhGhKpfTee4ZdCXW1jWOG\nYyP20MO2AKZUx/HterASQayM9pJ0b/q5rVJT4dpjTskljDSDB3AH2AGhzAdVF6C+\nUiJzSXtlPbkIlEhc+cxqGSZVuPGCrRvo977Vg+RzCwVZAbaMKaXmcfNyRlip2OQA\n4/h0PJjEQcn2jhQAo1P400DNAQAhLfmWC80OUyVEeu5dLtpx7xj2LK9Pp3GX7SjO\n2Vul74l6WIbAlg50J8r7tJ/oud4iKEo8I1rgOy/pAAAAAwEAAQAAAQEAt3x6zN3d\nwTA48OvaRDkL3T/CAdjU4ONeEYr6ZBCStYVYx9Q2cFW03VXqWZ/5F4xmw7+8fJBz\nhXa8aEUVkzuyR7GlOITxOERASkx25Hcs9VU4eyVmYepcJwGF6tW5yAIyWszNFBdb\nG3pOLlmKo6JcDRw2i++cFQFufd5ZDI69D+axDc7eTxbLQaMpjbt0RwIy+3m7SOqb\nIiR1rl6kicEYV66fZlM86C12A4bPgk3KBkrhWbG3qXTpl1LlMvOHFSl1kLYDNxAg\nwyXYfXtFtHlyUTictt1X0VbsipKG3SWsCuG7VyR919vn29VmOO2nHZ5bxnKDl8jX\nkQpJutsiumhGAQAAAIB02nb1Ix4b2KkMINTZJ2skSoPwpGmUunQsvcVOJ6+WAenQ\nnd1RXaq8oCJliTvu9IiVUB5JAY4v13au+RA/z7zG5IB7gL8oNrqvcT4OvJeKmFzB\nF5xpAv2MyHxydkG4y2UIapONJ5CCMmtKt1D10uP50AgTE7BHif9Q5c431Vn8wgAA\nAIEA6L2QVOHS7Hrh1fAfKw3P1OwC3BlazKsuDP5xQsppAyFVTuoPSeNEMBFzdz1Q\nJuv5GIoYP7e05wdbBFVkoMAjWaits/zoyUPMPM66vgo+u8/jrijtD43pDg65fm2M\nAfu1SM4ZQXjdVZyFk55BrEkvYJPWDXAfeW3YFRbhSZIcfikAAACBAPjO8MEP+h4i\nCgu0pm93HIz4FfpmfDPQh7jpOTvYYTESHGKCD8njEkNpxFAjnpLXnl9PASYHkXNM\nVxeolYGjNOeOPtAV/Gj9FaJQxLBhu2W15R0otEY+KZnsgYeTE5ECHxVcJU5ex02A\nQGqytJ4Ow2sjfex1Qk4ybcCOKTAGm9vBAAAAAAEC\n-----END OPENSSH PRIVATE KEY-----\n",
            "private_key_pem": "-----BEGIN RSA PRIVATE KEY-----\nMIIEpAIBAAKCAQEA4jPHPZvR8H5ouYS6NVzb3spCc+yYxvENYwcEFXQBeVj6gtfz\nRTILVMqUWI9JHzn53Z6LOCO2bW4WgM3dTPQ2x2SJ8oRoSqX03nuGXQl1tY1jhmMj\n9tDDtgCmVMfx7XqwEkGsjPaSdG/6ua1SU+HaY07JJYw0gwdwB9gBocwHVRegvlIi\nc0l7ZT25CJRIXPnMahkmVbjxgq0b6Pe+1YPkcwsFWQG2jCml5nHzckZYqdjkAOP4\ndDyYxEHJ9o4UAKNT+NNAzQEAIS35lgvNDlMlRHruXS7ace8Y9iyvT6dxl+0oztlb\npe+JeliGwJYOdCfK+7Sf6LneIihKPCNa4Dsv6QIDAQABAoIBAQC3fHrM3d3BMDjw\n69pEOQvdP8IB2NTg414RivpkEJK1hVjH1DZwVbTdVepZn/kXjGbDv7x8kHOFdrxo\nRRWTO7JHsaU4hPE4REBKTHbkdyz1VTh7JWZh6lwnAYXq1bnIAjJazM0UF1sbek4u\nWYqjolwNHDaL75wVAW593lkMjr0P5rENzt5PFstBoymNu3RHAjL7ebtI6psiJHWu\nXqSJwRhXrp9mUzzoLXYDhs+CTcoGSuFZsbepdOmXUuUy84cVKXWQtgM3ECDDJdh9\ne0W0eXJROJy23VfRVuyKkobdJawK4btXJH3X2+fb1WY47acdnlvGcoOXyNeRCkm6\n2yK6aEYBAoGBAOi9kFTh0ux64dXwHysNz9TsAtwZWsyrLgz+cULKaQMhVU7qD0nj\nRDARc3c9UCbr+RiKGD+3tOcHWwRVZKDAI1morbP86MlDzDzOur4KPrvP464o7Q+N\n6Q4OuX5tjAH7tUjOGUF43VWchZOeQaxJL2CT1g1wH3lt2BUW4UmSHH4pAoGBAPjO\n8MEP+h4iCgu0pm93HIz4FfpmfDPQh7jpOTvYYTESHGKCD8njEkNpxFAjnpLXnl9P\nASYHkXNMVxeolYGjNOeOPtAV/Gj9FaJQxLBhu2W15R0otEY+KZnsgYeTE5ECHxVc\nJU5ex02AQGqytJ4Ow2sjfex1Qk4ybcCOKTAGm9vBAoGAVnS8ndt5d+E57TgSy/KI\nhsbZVRuSED9yjt8iAbahBcmnH/ZwkXj8BoMlCmFbWeoEkWoTEfBTIhMoa1axV8mo\nGBFB3X+Qlds6jkgZNKknnqreH/8R+No1fcRYga999+qh8BanaRvV1IydTjXWnYJe\nOBkSxdElz/zO7R6ft62wKekCgYEAoG1GfSWhH2bRVWTg4ARMS3T3LuJ/+STfLlJr\nDfRiDrLfzICST5lzQDZlV0rwRzxyKIAXfH7qwQ4bJe0UoWcriJaGV8OlYci191fe\nyt/pZhaXqWqCerxANLhzeIhT2G8mva4Re+vO1GD6qBGcNkHMrTtQSXP+Ec+gRsUj\nN407V8ECgYB02nb1Ix4b2KkMINTZJ2skSoPwpGmUunQsvcVOJ6+WAenQnd1RXaq8\noCJliTvu9IiVUB5JAY4v13au+RA/z7zG5IB7gL8oNrqvcT4OvJeKmFzBF5xpAv2M\nyHxydkG4y2UIapONJ5CCMmtKt1D10uP50AgTE7BHif9Q5c431Vn8wg==\n-----END RSA PRIVATE KEY-----\n",
            "private_key_pem_pkcs8": "-----BEGIN PRIVATE KEY-----\nMIIEvgIBADANBgkqhkiG9w0BAQEFAASCBKgwggSkAgEAAoIBAQDiM8c9m9Hwfmi5\nhLo1XNveykJz7JjG8Q1jBwQVdAF5WPqC1/NFMgtUypRYj0kfOfndnos4I7ZtbhaA\nzd1M9DbHZInyhGhKpfTee4ZdCXW1jWOGYyP20MO2AKZUx/HterASQayM9pJ0b/q5\nrVJT4dpjTskljDSDB3AH2AGhzAdVF6C+UiJzSXtlPbkIlEhc+cxqGSZVuPGCrRvo\n977Vg+RzCwVZAbaMKaXmcfNyRlip2OQA4/h0PJjEQcn2jhQAo1P400DNAQAhLfmW\nC80OUyVEeu5dLtpx7xj2LK9Pp3GX7SjO2Vul74l6WIbAlg50J8r7tJ/oud4iKEo8\nI1rgOy/pAgMBAAECggEBALd8eszd3cEwOPDr2kQ5C90/wgHY1ODjXhGK+mQQkrWF\nWMfUNnBVtN1V6lmf+ReMZsO/vHyQc4V2vGhFFZM7skexpTiE8ThEQEpMduR3LPVV\nOHslZmHqXCcBherVucgCMlrMzRQXWxt6Ti5ZiqOiXA0cNovvnBUBbn3eWQyOvQ/m\nsQ3O3k8Wy0GjKY27dEcCMvt5u0jqmyIkda5epInBGFeun2ZTPOgtdgOGz4JNygZK\n4Vmxt6l06ZdS5TLzhxUpdZC2AzcQIMMl2H17RbR5clE4nLbdV9FW7IqSht0lrArh\nu1ckfdfb59vVZjjtpx2eW8Zyg5fI15EKSbrbIrpoRgECgYEA6L2QVOHS7Hrh1fAf\nKw3P1OwC3BlazKsuDP5xQsppAyFVTuoPSeNEMBFzdz1QJuv5GIoYP7e05wdbBFVk\noMAjWaits/zoyUPMPM66vgo+u8/jrijtD43pDg65fm2MAfu1SM4ZQXjdVZyFk55B\nrEkvYJPWDXAfeW3YFRbhSZIcfikCgYEA+M7wwQ/6HiIKC7Smb3ccjPgV+mZ8M9CH\nuOk5O9hhMRIcYoIPyeMSQ2nEUCOekteeX08BJgeRc0xXF6iVgaM0544+0BX8aP0V\nolDEsGG7ZbXlHSi0Rj4pmeyBh5MTkQIfFVwlTl7HTYBAarK0ng7DayN97HVCTjJt\nwI4pMAab28ECgYBWdLyd23l34TntOBLL8oiGxtlVG5IQP3KO3yIBtqEFyacf9nCR\nePwGgyUKYVtZ6gSRahMR8FMiEyhrVrFXyagYEUHdf5CV2zqOSBk0qSeeqt4f/xH4\n2jV9xFiBr3336qHwFqdpG9XUjJ1ONdadgl44GRLF0SXP/M7tHp+3rbAp6QKBgQCg\nbUZ9JaEfZtFVZODgBExLdPcu4n/5JN8uUmsN9GIOst/MgJJPmXNANmVXSvBHPHIo\ngBd8furBDhsl7RShZyuIloZXw6VhyLX3V97K3+lmFpepaoJ6vEA0uHN4iFPYbya9\nrhF7687UYPqoEZw2QcytO1BJc/4Rz6BGxSM3jTtXwQKBgHTadvUjHhvYqQwg1Nkn\nayRKg/CkaZS6dCy9xU4nr5YB6dCd3VFdqrygImWJO+70iJVQHkkBji/Xdq75ED/P\nvMbkgHuAvyg2uq9xPg68l4qYXMEXnGkC/YzIfHJ2QbjLZQhqk40nkIIya0q3UPXS\n4/nQCBMTsEeJ/1DlzjfVWfzC\n-----END PRIVATE KEY-----\n",
            "public_key_fingerprint_md5": "13:67:cb:e8:e6:a9:f2:1b:6a:e1:3c:20:ae:aa:c1:9c",
            "public_key_fingerprint_sha256": "SHA256:nDJOWhWFc0zLSYIaI9ciGe5mEKX673iybf/5kSUacj8",
            "public_key_openssh": "ssh-rsa AAAAB3NzaC1yc2EAAAADAQABAAABAQDiM8c9m9Hwfmi5hLo1XNveykJz7JjG8Q1jBwQVdAF5WPqC1/NFMgtUypRYj0kfOfndnos4I7ZtbhaAzd1M9DbHZInyhGhKpfTee4ZdCXW1jWOGYyP20MO2AKZUx/HterASQayM9pJ0b/q5rVJT4dpjTskljDSDB3AH2AGhzAdVF6C+UiJzSXtlPbkIlEhc+cxqGSZVuPGCrRvo977Vg+RzCwVZAbaMKaXmcfNyRlip2OQA4/h0PJjEQcn2jhQAo1P400DNAQAhLfmWC80OUyVEeu5dLtpx7xj2LK9Pp3GX7SjO2Vul74l6WIbAlg50J8r7tJ/oud4iKEo8I1rgOy/p\n",
            "public_key_pem": "-----BEGIN PUBLIC KEY-----\nMIIBIjANBgkqhkiG9w0BAQEFAAOCAQ8AMIIBCgKCAQEA4jPHPZvR8H5ouYS6NVzb\n3spCc+yYxvENYwcEFXQBeVj6gtfzRTILVMqUWI9JHzn53Z6LOCO2bW4WgM3dTPQ2\nx2SJ8oRoSqX03nuGXQl1tY1jhmMj9tDDtgCmVMfx7XqwEkGsjPaSdG/6ua1SU+Ha\nY07JJYw0gwdwB9gBocwHVRegvlIic0l7ZT25CJRIXPnMahkmVbjxgq0b6Pe+1YPk\ncwsFWQG2jCml5nHzckZYqdjkAOP4dDyYxEHJ9o4UAKNT+NNAzQEAIS35lgvNDlMl\nRHruXS7ace8Y9iyvT6dxl+0oztlbpe+JeliGwJYOdCfK+7Sf6LneIihKPCNa4Dsv\n6QIDAQAB\n-----END PUBLIC KEY-----\n",
            "rsa_bits": 2048
          },
          "sensitive_attributes": []
        }
      ]
    },
    {
      "mode": "managed",
      "type": "tls_self_signed_cert",
      "name": "frontend_cert",
      "provider": "provider[\"registry.terraform.io/hashicorp/tls\"]",
      "instances": [
        {
          "schema_version": 0,
          "attributes": {
            "allowed_uses": [
              "key_encipherment",
              "digital_signature",
              "server_auth"
            ],
            "cert_pem": "-----BEGIN CERTIFICATE-----\nMIIDPjCCAiagAwIBAgIQIsZ4eXKMrdF7gafQ5A91oTANBgkqhkiG9w0BAQsFADAy\nMRcwFQYDVQQKEw5mcm9udGVuZC5sb2NhbDEXMBUGA1UEAxMOZnJvbnRlbmQubG9j\nYWwwHhcNMjUwMzEyMjAzNDQ2WhcNMjYwMzEyMjAzNDQ2WjAyMRcwFQYDVQQKEw5m\ncm9udGVuZC5sb2NhbDEXMBUGA1UEAxMOZnJvbnRlbmQubG9jYWwwggEiMA0GCSqG\nSIb3DQEBAQUAA4IBDwAwggEKAoIBAQDiM8c9m9Hwfmi5hLo1XNveykJz7JjG8Q1j\nBwQVdAF5WPqC1/NFMgtUypRYj0kfOfndnos4I7ZtbhaAzd1M9DbHZInyhGhKpfTe\ne4ZdCXW1jWOGYyP20MO2AKZUx/HterASQayM9pJ0b/q5rVJT4dpjTskljDSDB3AH\n2AGhzAdVF6C+UiJzSXtlPbkIlEhc+cxqGSZVuPGCrRvo977Vg+RzCwVZAbaMKaXm\ncfNyRlip2OQA4/h0PJjEQcn2jhQAo1P400DNAQAhLfmWC80OUyVEeu5dLtpx7xj2\nLK9Pp3GX7SjO2Vul74l6WIbAlg50J8r7tJ/oud4iKEo8I1rgOy/pAgMBAAGjUDBO\nMA4GA1UdDwEB/wQEAwIFoDATBgNVHSUEDDAKBggrBgEFBQcDATAMBgNVHRMBAf8E\nAjAAMBkGA1UdEQQSMBCCDmZyb250ZW5kLmxvY2FsMA0GCSqGSIb3DQEBCwUAA4IB\nAQC5DPCPrXBfWNuIoQ2QsPmS851WfPe+fQvpl9ha964nxzqLGVP7j+JT7L3zXQ1V\nhxDbZ2YhRofpmloqfjt3vMlUuN6zTmuqjY55YsVhZboaIOTwR3C93zZICTqRx7q+\nOaLfciUdDzEbN64RwgwgIuYbKbGunPw1w1xZyPqfVloifHzJrZkeRwTQ+akCh0Ak\nNUYjTMPRfSxrZJk6TXR0HSHqgDYkMw0b0kTj8Z/ZnR6miHzgVll/iZFlm6xYCi0T\nvOoito3qBPWEwzk5loqG+BGo9Fh5+LqoBNtimKFpOxT71MywlSZ+dql6v9neZWA0\n3Y8BepIJp6nXi+/a0URPxoER\n-----END CERTIFICATE-----\n",
            "dns_names": [
              "frontend.local"
            ],
            "early_renewal_hours": 168,
            "id": "46224270145888499543664213438973834657",
            "ip_addresses": null,
            "is_ca_certificate": false,
            "key_algorithm": "RSA",
            "private_key_pem": "-----BEGIN RSA PRIVATE KEY-----\nMIIEpAIBAAKCAQEA4jPHPZvR8H5ouYS6NVzb3spCc+yYxvENYwcEFXQBeVj6gtfz\nRTILVMqUWI9JHzn53Z6LOCO2bW4WgM3dTPQ2x2SJ8oRoSqX03nuGXQl1tY1jhmMj\n9tDDtgCmVMfx7XqwEkGsjPaSdG/6ua1SU+HaY07JJYw0gwdwB9gBocwHVRegvlIi\nc0l7ZT25CJRIXPnMahkmVbjxgq0b6Pe+1YPkcwsFWQG2jCml5nHzckZYqdjkAOP4\ndDyYxEHJ9o4UAKNT+NNAzQEAIS35lgvNDlMlRHruXS7ace8Y9iyvT6dxl+0oztlb\npe+JeliGwJYOdCfK+7Sf6LneIihKPCNa4Dsv6QIDAQABAoIBAQC3fHrM3d3BMDjw\n69pEOQvdP8IB2NTg414RivpkEJK1hVjH1DZwVbTdVepZn/kXjGbDv7x8kHOFdrxo\nRRWTO7JHsaU4hPE4REBKTHbkdyz1VTh7JWZh6lwnAYXq1bnIAjJazM0UF1sbek4u\nWYqjolwNHDaL75wVAW593lkMjr0P5rENzt5PFstBoymNu3RHAjL7ebtI6psiJHWu\nXqSJwRhXrp9mUzzoLXYDhs+CTcoGSuFZsbepdOmXUuUy84cVKXWQtgM3ECDDJdh9\ne0W0eXJROJy23VfRVuyKkobdJawK4btXJH3X2+fb1WY47acdnlvGcoOXyNeRCkm6\n2yK6aEYBAoGBAOi9kFTh0ux64dXwHysNz9TsAtwZWsyrLgz+cULKaQMhVU7qD0nj\nRDARc3c9UCbr+RiKGD+3tOcHWwRVZKDAI1morbP86MlDzDzOur4KPrvP464o7Q+N\n6Q4OuX5tjAH7tUjOGUF43VWchZOeQaxJL2CT1g1wH3lt2BUW4UmSHH4pAoGBAPjO\n8MEP+h4iCgu0pm93HIz4FfpmfDPQh7jpOTvYYTESHGKCD8njEkNpxFAjnpLXnl9P\nASYHkXNMVxeolYGjNOeOPtAV/Gj9FaJQxLBhu2W15R0otEY+KZnsgYeTE5ECHxVc\nJU5ex02AQGqytJ4Ow2sjfex1Qk4ybcCOKTAGm9vBAoGAVnS8ndt5d+E57TgSy/KI\nhsbZVRuSED9yjt8iAbahBcmnH/ZwkXj8BoMlCmFbWeoEkWoTEfBTIhMoa1axV8mo\nGBFB3X+Qlds6jkgZNKknnqreH/8R+No1fcRYga999+qh8BanaRvV1IydTjXWnYJe\nOBkSxdElz/zO7R6ft62wKekCgYEAoG1GfSWhH2bRVWTg4ARMS3T3LuJ/+STfLlJr\nDfRiDrLfzICST5lzQDZlV0rwRzxyKIAXfH7qwQ4bJe0UoWcriJaGV8OlYci191fe\nyt/pZhaXqWqCerxANLhzeIhT2G8mva4Re+vO1GD6qBGcNkHMrTtQSXP+Ec+gRsUj\nN407V8ECgYB02nb1Ix4b2KkMINTZJ2skSoPwpGmUunQsvcVOJ6+WAenQnd1RXaq8\noCJliTvu9IiVUB5JAY4v13au+RA/z7zG5IB7gL8oNrqvcT4OvJeKmFzBF5xpAv2M\nyHxydkG4y2UIapONJ5CCMmtKt1D10uP50AgTE7BHif9Q5c431Vn8wg==\n-----END RSA PRIVATE KEY-----\n",
            "ready_for_renewal": false,
            "set_authority_key_id": false,
            "set_subject_key_id": false,
            "subject": [
              {
                "common_name": "frontend.local",
                "country": null,
                "locality": null,
                "organization": "frontend.local",
                "organizational_unit": null,
                "postal_code": null,
                "province": null,
                "serial_number": null,
                "street_address": null
              }
            ],
            "uris": null,
            "validity_end_time": "2026-03-12T21:34:46.618647363+01:00",
            "validity_period_hours": 8760,
            "validity_start_time": "2025-03-12T21:34:46.618647363+01:00"
          },
          "sensitive_attributes": [
            [
              {
                "type": "get_attr",
                "value": "private_key_pem"
              }
            ]
          ],
          "dependencies": [
            "tls_private_key.frontend_key"
          ]
        }
      ]
    }
  ],
  "check_results": null
}
